// !$*UTF8*$!
{
	archiveVersion = 1;
	classes = {
	};
	objectVersion = 56;
	objects = {

/* Begin PBXBuildFile section */
		3F3872A32B774622002F75C1 /* MyReviews+Extention.swift in Sources */ = {isa = PBXBuildFile; fileRef = 3F3872A22B774622002F75C1 /* MyReviews+Extention.swift */; };
		3F3872A52B77472C002F75C1 /* MyReviewsContainer.swift in Sources */ = {isa = PBXBuildFile; fileRef = 3F3872A42B77472C002F75C1 /* MyReviewsContainer.swift */; };
		3F3872A82B7748E0002F75C1 /* MyImagesDataModel.xcdatamodeld in Sources */ = {isa = PBXBuildFile; fileRef = 3F3872A62B7748E0002F75C1 /* MyImagesDataModel.xcdatamodeld */; };
		3F3872AB2B7748FC002F75C1 /* MyReviewsDataModel.xcdatamodeld in Sources */ = {isa = PBXBuildFile; fileRef = 3F3872A92B7748FC002F75C1 /* MyReviewsDataModel.xcdatamodeld */; };
		A103DFC12B7649BB00F2B4C5 /* Auth0 in Frameworks */ = {isa = PBXBuildFile; productRef = A103DFC02B7649BB00F2B4C5 /* Auth0 */; };
		A103DFC32B764A1500F2B4C5 /* Auth0.plist in Resources */ = {isa = PBXBuildFile; fileRef = A103DFC22B764A1500F2B4C5 /* Auth0.plist */; };
		A103DFC62B764B3300F2B4C5 /* Profile.swift in Sources */ = {isa = PBXBuildFile; fileRef = A103DFC52B764B3300F2B4C5 /* Profile.swift */; };
		A1380D7F2B71088E0069B6A5 /* MyImagesApp.swift in Sources */ = {isa = PBXBuildFile; fileRef = A1380D7E2B71088E0069B6A5 /* MyImagesApp.swift */; };
		A1380D812B71088E0069B6A5 /* ContentView.swift in Sources */ = {isa = PBXBuildFile; fileRef = A1380D802B71088E0069B6A5 /* ContentView.swift */; };
		A1380D832B71088F0069B6A5 /* Assets.xcassets in Resources */ = {isa = PBXBuildFile; fileRef = A1380D822B71088F0069B6A5 /* Assets.xcassets */; };
		A1380D862B71088F0069B6A5 /* Preview Assets.xcassets in Resources */ = {isa = PBXBuildFile; fileRef = A1380D852B71088F0069B6A5 /* Preview Assets.xcassets */; };
		A14DE6682B7263150098C0BF /* AddData.swift in Sources */ = {isa = PBXBuildFile; fileRef = A14DE6672B7263150098C0BF /* AddData.swift */; };
		A14DE66A2B7264040098C0BF /* ShowData.swift in Sources */ = {isa = PBXBuildFile; fileRef = A14DE6692B7264040098C0BF /* ShowData.swift */; };
		A16BBA0F2B73A8D3005A4F95 /* FirstScreen.swift in Sources */ = {isa = PBXBuildFile; fileRef = A16BBA0E2B73A8D3005A4F95 /* FirstScreen.swift */; };
		A18AEE202B729DB500B7B632 /* AboutRestaurant.swift in Sources */ = {isa = PBXBuildFile; fileRef = A18AEE1F2B729DB500B7B632 /* AboutRestaurant.swift */; };
		A18F2ED72B73BD6C0008999F /* HomeView.swift in Sources */ = {isa = PBXBuildFile; fileRef = A18F2ED62B73BD6C0008999F /* HomeView.swift */; };
		A18F2ED92B73BDD40008999F /* locationManager.swift in Sources */ = {isa = PBXBuildFile; fileRef = A18F2ED82B73BDD40008999F /* locationManager.swift */; };
		A18F2EE72B73C0080008999F /* login_page.swift in Sources */ = {isa = PBXBuildFile; fileRef = A18F2EE62B73C0080008999F /* login_page.swift */; };
		A18F2EF32B73C0F30008999F /* signup_page.swift in Sources */ = {isa = PBXBuildFile; fileRef = A18F2EF22B73C0F30008999F /* signup_page.swift */; };
		A18F2EF52B73C1150008999F /* AboutView.swift in Sources */ = {isa = PBXBuildFile; fileRef = A18F2EF42B73C1150008999F /* AboutView.swift */; };
		A18F2EF72B73C13B0008999F /* MapView.swift in Sources */ = {isa = PBXBuildFile; fileRef = A18F2EF62B73C13B0008999F /* MapView.swift */; };
		A18F2EF92B73C1520008999F /* ReviewSubView.swift in Sources */ = {isa = PBXBuildFile; fileRef = A18F2EF82B73C1520008999F /* ReviewSubView.swift */; };
		A18F2EFB2B73C17C0008999F /* ReviewView.swift in Sources */ = {isa = PBXBuildFile; fileRef = A18F2EFA2B73C17C0008999F /* ReviewView.swift */; };
		A18F2EFD2B73C1B00008999F /* RestaurantRecommendation.swift in Sources */ = {isa = PBXBuildFile; fileRef = A18F2EFC2B73C1B00008999F /* RestaurantRecommendation.swift */; };
		A18F2F0E2B73C2B60008999F /* ItineraryView.swift in Sources */ = {isa = PBXBuildFile; fileRef = A18F2F0D2B73C2B60008999F /* ItineraryView.swift */; };
		A18F2F102B73C2D50008999F /* ItineraryView2.swift in Sources */ = {isa = PBXBuildFile; fileRef = A18F2F0F2B73C2D50008999F /* ItineraryView2.swift */; };
		A18F2F122B73C2F40008999F /* PlannedTrips.swift in Sources */ = {isa = PBXBuildFile; fileRef = A18F2F112B73C2F40008999F /* PlannedTrips.swift */; };
		A18F2F152B73C3480008999F /* AddFoodie.swift in Sources */ = {isa = PBXBuildFile; fileRef = A18F2F142B73C3480008999F /* AddFoodie.swift */; };
		A18F2F172B73C36C0008999F /* AddRestaurant.swift in Sources */ = {isa = PBXBuildFile; fileRef = A18F2F162B73C36C0008999F /* AddRestaurant.swift */; };
		A18F2F192B73C38B0008999F /* EditProfile.swift in Sources */ = {isa = PBXBuildFile; fileRef = A18F2F182B73C38B0008999F /* EditProfile.swift */; };
		A18F2F1B2B73C3A50008999F /* MyFriends.swift in Sources */ = {isa = PBXBuildFile; fileRef = A18F2F1A2B73C3A50008999F /* MyFriends.swift */; };
		A18F2F1D2B73C3BC0008999F /* MyReviews.swift in Sources */ = {isa = PBXBuildFile; fileRef = A18F2F1C2B73C3BC0008999F /* MyReviews.swift */; };
		A18F2F1F2B73C3CF0008999F /* PlacesVisited.swift in Sources */ = {isa = PBXBuildFile; fileRef = A18F2F1E2B73C3CF0008999F /* PlacesVisited.swift */; };
		A18F2F212B73C3E20008999F /* ProfileView.swift in Sources */ = {isa = PBXBuildFile; fileRef = A18F2F202B73C3E20008999F /* ProfileView.swift */; };
		A18F2F242B73C42D0008999F /* IntroductionData.swift in Sources */ = {isa = PBXBuildFile; fileRef = A18F2F232B73C42D0008999F /* IntroductionData.swift */; };
		A18F2F282B73C4570008999F /* RestaurantData.swift in Sources */ = {isa = PBXBuildFile; fileRef = A18F2F272B73C4570008999F /* RestaurantData.swift */; };
		A18F2F2A2B73C4800008999F /* localDelicaciesData.swift in Sources */ = {isa = PBXBuildFile; fileRef = A18F2F292B73C4800008999F /* localDelicaciesData.swift */; };
		A18F2F2C2B73C4950008999F /* upcomingTripsData.swift in Sources */ = {isa = PBXBuildFile; fileRef = A18F2F2B2B73C4950008999F /* upcomingTripsData.swift */; };
		A18F2F302B73C4DE0008999F /* localfoodPlaces.swift in Sources */ = {isa = PBXBuildFile; fileRef = A18F2F2F2B73C4DE0008999F /* localfoodPlaces.swift */; };
		A18F2F322B73C4F30008999F /* upcomingTrips.swift in Sources */ = {isa = PBXBuildFile; fileRef = A18F2F312B73C4F30008999F /* upcomingTrips.swift */; };
		A1935DE82B71096400554D53 /* MyImagesContainer.swift in Sources */ = {isa = PBXBuildFile; fileRef = A1935DE72B71096400554D53 /* MyImagesContainer.swift */; };
		A1935DEA2B710A1400554D53 /* MyImage+Extension.swift in Sources */ = {isa = PBXBuildFile; fileRef = A1935DE92B710A1400554D53 /* MyImage+Extension.swift */; };
		A1935DEC2B710BF500554D53 /* ImagePicker.swift in Sources */ = {isa = PBXBuildFile; fileRef = A1935DEB2B710BF500554D53 /* ImagePicker.swift */; };
		A1935DEF2B71103E00554D53 /* FormViewModel.swift in Sources */ = {isa = PBXBuildFile; fileRef = A1935DEE2B71103E00554D53 /* FormViewModel.swift */; };
		A1935DF12B71120C00554D53 /* ImageFormView.swift in Sources */ = {isa = PBXBuildFile; fileRef = A1935DF02B71120C00554D53 /* ImageFormView.swift */; };
		A1935DF32B7116BC00554D53 /* FormType.swift in Sources */ = {isa = PBXBuildFile; fileRef = A1935DF22B7116BC00554D53 /* FormType.swift */; };
		A1935DF52B71181B00554D53 /* FileManager+Extension.swift in Sources */ = {isa = PBXBuildFile; fileRef = A1935DF42B71181B00554D53 /* FileManager+Extension.swift */; };
/* End PBXBuildFile section */

/* Begin PBXFileReference section */
		3F3872A22B774622002F75C1 /* MyReviews+Extention.swift */ = {isa = PBXFileReference; lastKnownFileType = sourcecode.swift; path = "MyReviews+Extention.swift"; sourceTree = "<group>"; };
		3F3872A42B77472C002F75C1 /* MyReviewsContainer.swift */ = {isa = PBXFileReference; lastKnownFileType = sourcecode.swift; path = MyReviewsContainer.swift; sourceTree = "<group>"; };
		3F3872A72B7748E0002F75C1 /* MyImagesDataModel.xcdatamodel */ = {isa = PBXFileReference; lastKnownFileType = wrapper.xcdatamodel; path = MyImagesDataModel.xcdatamodel; sourceTree = "<group>"; };
		3F3872AA2B7748FC002F75C1 /* MyReviewsDataModel.xcdatamodel */ = {isa = PBXFileReference; lastKnownFileType = wrapper.xcdatamodel; path = MyReviewsDataModel.xcdatamodel; sourceTree = "<group>"; };
		A103DFC22B764A1500F2B4C5 /* Auth0.plist */ = {isa = PBXFileReference; lastKnownFileType = text.plist.xml; path = Auth0.plist; sourceTree = "<group>"; };
		A103DFC52B764B3300F2B4C5 /* Profile.swift */ = {isa = PBXFileReference; lastKnownFileType = sourcecode.swift; path = Profile.swift; sourceTree = "<group>"; };
		A1380D7B2B71088E0069B6A5 /* MyImages.app */ = {isa = PBXFileReference; explicitFileType = wrapper.application; includeInIndex = 0; path = MyImages.app; sourceTree = BUILT_PRODUCTS_DIR; };
		A1380D7E2B71088E0069B6A5 /* MyImagesApp.swift */ = {isa = PBXFileReference; lastKnownFileType = sourcecode.swift; path = MyImagesApp.swift; sourceTree = "<group>"; };
		A1380D802B71088E0069B6A5 /* ContentView.swift */ = {isa = PBXFileReference; lastKnownFileType = sourcecode.swift; path = ContentView.swift; sourceTree = "<group>"; };
		A1380D822B71088F0069B6A5 /* Assets.xcassets */ = {isa = PBXFileReference; lastKnownFileType = folder.assetcatalog; path = Assets.xcassets; sourceTree = "<group>"; };
		A1380D852B71088F0069B6A5 /* Preview Assets.xcassets */ = {isa = PBXFileReference; lastKnownFileType = folder.assetcatalog; path = "Preview Assets.xcassets"; sourceTree = "<group>"; };
		A14DE6672B7263150098C0BF /* AddData.swift */ = {isa = PBXFileReference; lastKnownFileType = sourcecode.swift; path = AddData.swift; sourceTree = "<group>"; };
		A14DE6692B7264040098C0BF /* ShowData.swift */ = {isa = PBXFileReference; lastKnownFileType = sourcecode.swift; path = ShowData.swift; sourceTree = "<group>"; };
		A16BBA0E2B73A8D3005A4F95 /* FirstScreen.swift */ = {isa = PBXFileReference; lastKnownFileType = sourcecode.swift; path = FirstScreen.swift; sourceTree = "<group>"; };
		A18AEE1F2B729DB500B7B632 /* AboutRestaurant.swift */ = {isa = PBXFileReference; lastKnownFileType = sourcecode.swift; path = AboutRestaurant.swift; sourceTree = "<group>"; };
		A18F2ED62B73BD6C0008999F /* HomeView.swift */ = {isa = PBXFileReference; lastKnownFileType = sourcecode.swift; path = HomeView.swift; sourceTree = "<group>"; };
		A18F2ED82B73BDD40008999F /* locationManager.swift */ = {isa = PBXFileReference; lastKnownFileType = sourcecode.swift; path = locationManager.swift; sourceTree = "<group>"; };
		A18F2EE62B73C0080008999F /* login_page.swift */ = {isa = PBXFileReference; lastKnownFileType = sourcecode.swift; path = login_page.swift; sourceTree = "<group>"; };
		A18F2EF22B73C0F30008999F /* signup_page.swift */ = {isa = PBXFileReference; lastKnownFileType = sourcecode.swift; path = signup_page.swift; sourceTree = "<group>"; };
		A18F2EF42B73C1150008999F /* AboutView.swift */ = {isa = PBXFileReference; lastKnownFileType = sourcecode.swift; path = AboutView.swift; sourceTree = "<group>"; };
		A18F2EF62B73C13B0008999F /* MapView.swift */ = {isa = PBXFileReference; lastKnownFileType = sourcecode.swift; path = MapView.swift; sourceTree = "<group>"; };
		A18F2EF82B73C1520008999F /* ReviewSubView.swift */ = {isa = PBXFileReference; lastKnownFileType = sourcecode.swift; path = ReviewSubView.swift; sourceTree = "<group>"; };
		A18F2EFA2B73C17C0008999F /* ReviewView.swift */ = {isa = PBXFileReference; lastKnownFileType = sourcecode.swift; path = ReviewView.swift; sourceTree = "<group>"; };
		A18F2EFC2B73C1B00008999F /* RestaurantRecommendation.swift */ = {isa = PBXFileReference; lastKnownFileType = sourcecode.swift; path = RestaurantRecommendation.swift; sourceTree = "<group>"; };
		A18F2F0D2B73C2B60008999F /* ItineraryView.swift */ = {isa = PBXFileReference; lastKnownFileType = sourcecode.swift; path = ItineraryView.swift; sourceTree = "<group>"; };
		A18F2F0F2B73C2D50008999F /* ItineraryView2.swift */ = {isa = PBXFileReference; lastKnownFileType = sourcecode.swift; path = ItineraryView2.swift; sourceTree = "<group>"; };
		A18F2F112B73C2F40008999F /* PlannedTrips.swift */ = {isa = PBXFileReference; lastKnownFileType = sourcecode.swift; path = PlannedTrips.swift; sourceTree = "<group>"; };
		A18F2F142B73C3480008999F /* AddFoodie.swift */ = {isa = PBXFileReference; lastKnownFileType = sourcecode.swift; path = AddFoodie.swift; sourceTree = "<group>"; };
		A18F2F162B73C36C0008999F /* AddRestaurant.swift */ = {isa = PBXFileReference; lastKnownFileType = sourcecode.swift; path = AddRestaurant.swift; sourceTree = "<group>"; };
		A18F2F182B73C38B0008999F /* EditProfile.swift */ = {isa = PBXFileReference; lastKnownFileType = sourcecode.swift; path = EditProfile.swift; sourceTree = "<group>"; };
		A18F2F1A2B73C3A50008999F /* MyFriends.swift */ = {isa = PBXFileReference; lastKnownFileType = sourcecode.swift; path = MyFriends.swift; sourceTree = "<group>"; };
		A18F2F1C2B73C3BC0008999F /* MyReviews.swift */ = {isa = PBXFileReference; lastKnownFileType = sourcecode.swift; path = MyReviews.swift; sourceTree = "<group>"; };
		A18F2F1E2B73C3CF0008999F /* PlacesVisited.swift */ = {isa = PBXFileReference; lastKnownFileType = sourcecode.swift; path = PlacesVisited.swift; sourceTree = "<group>"; };
		A18F2F202B73C3E20008999F /* ProfileView.swift */ = {isa = PBXFileReference; lastKnownFileType = sourcecode.swift; path = ProfileView.swift; sourceTree = "<group>"; };
		A18F2F232B73C42D0008999F /* IntroductionData.swift */ = {isa = PBXFileReference; lastKnownFileType = sourcecode.swift; path = IntroductionData.swift; sourceTree = "<group>"; };
		A18F2F272B73C4570008999F /* RestaurantData.swift */ = {isa = PBXFileReference; lastKnownFileType = sourcecode.swift; path = RestaurantData.swift; sourceTree = "<group>"; };
		A18F2F292B73C4800008999F /* localDelicaciesData.swift */ = {isa = PBXFileReference; lastKnownFileType = sourcecode.swift; path = localDelicaciesData.swift; sourceTree = "<group>"; };
		A18F2F2B2B73C4950008999F /* upcomingTripsData.swift */ = {isa = PBXFileReference; lastKnownFileType = sourcecode.swift; path = upcomingTripsData.swift; sourceTree = "<group>"; };
		A18F2F2F2B73C4DE0008999F /* localfoodPlaces.swift */ = {isa = PBXFileReference; lastKnownFileType = sourcecode.swift; path = localfoodPlaces.swift; sourceTree = "<group>"; };
		A18F2F312B73C4F30008999F /* upcomingTrips.swift */ = {isa = PBXFileReference; lastKnownFileType = sourcecode.swift; path = upcomingTrips.swift; sourceTree = "<group>"; };
		A1935DE72B71096400554D53 /* MyImagesContainer.swift */ = {isa = PBXFileReference; lastKnownFileType = sourcecode.swift; path = MyImagesContainer.swift; sourceTree = "<group>"; };
		A1935DE92B710A1400554D53 /* MyImage+Extension.swift */ = {isa = PBXFileReference; lastKnownFileType = sourcecode.swift; path = "MyImage+Extension.swift"; sourceTree = "<group>"; };
		A1935DEB2B710BF500554D53 /* ImagePicker.swift */ = {isa = PBXFileReference; lastKnownFileType = sourcecode.swift; path = ImagePicker.swift; sourceTree = "<group>"; };
		A1935DEE2B71103E00554D53 /* FormViewModel.swift */ = {isa = PBXFileReference; lastKnownFileType = sourcecode.swift; path = FormViewModel.swift; sourceTree = "<group>"; };
		A1935DF02B71120C00554D53 /* ImageFormView.swift */ = {isa = PBXFileReference; lastKnownFileType = sourcecode.swift; path = ImageFormView.swift; sourceTree = "<group>"; };
		A1935DF22B7116BC00554D53 /* FormType.swift */ = {isa = PBXFileReference; lastKnownFileType = sourcecode.swift; path = FormType.swift; sourceTree = "<group>"; };
		A1935DF42B71181B00554D53 /* FileManager+Extension.swift */ = {isa = PBXFileReference; lastKnownFileType = sourcecode.swift; path = "FileManager+Extension.swift"; sourceTree = "<group>"; };
/* End PBXFileReference section */

/* Begin PBXFrameworksBuildPhase section */
		A1380D782B71088E0069B6A5 /* Frameworks */ = {
			isa = PBXFrameworksBuildPhase;
			buildActionMask = 2147483647;
			files = (
				A103DFC12B7649BB00F2B4C5 /* Auth0 in Frameworks */,
			);
			runOnlyForDeploymentPostprocessing = 0;
		};
/* End PBXFrameworksBuildPhase section */

/* Begin PBXGroup section */
		A103DFC42B764B1D00F2B4C5 /* auth0 */ = {
			isa = PBXGroup;
			children = (
				A103DFC52B764B3300F2B4C5 /* Profile.swift */,
			);
			path = auth0;
			sourceTree = "<group>";
		};
		A1380D722B71088E0069B6A5 = {
			isa = PBXGroup;
			children = (
				A1380D7D2B71088E0069B6A5 /* MyImages */,
				A1380D7C2B71088E0069B6A5 /* Products */,
			);
			sourceTree = "<group>";
		};
		A1380D7C2B71088E0069B6A5 /* Products */ = {
			isa = PBXGroup;
			children = (
				A1380D7B2B71088E0069B6A5 /* MyImages.app */,
			);
			name = Products;
			sourceTree = "<group>";
		};
		A1380D7D2B71088E0069B6A5 /* MyImages */ = {
			isa = PBXGroup;
			children = (
				A1380D7E2B71088E0069B6A5 /* MyImagesApp.swift */,
				A103DFC42B764B1D00F2B4C5 /* auth0 */,
				A18F2F2D2B73C4C70008999F /* viewAll */,
				A18F2F222B73C4200008999F /* Model */,
				A18F2F132B73C33F0008999F /* Profile */,
				A18F2F0C2B73C29F0008999F /* Itinerary */,
				A1380D802B71088E0069B6A5 /* ContentView.swift */,
				A1935DEB2B710BF500554D53 /* ImagePicker.swift */,
				A1935DF42B71181B00554D53 /* FileManager+Extension.swift */,
				A1935DED2B71102A00554D53 /* Form */,
				A1380D8C2B7108B20069B6A5 /* CoreData */,
				A1380D822B71088F0069B6A5 /* Assets.xcassets */,
				A103DFC22B764A1500F2B4C5 /* Auth0.plist */,
				A1380D842B71088F0069B6A5 /* Preview Content */,
				A14DE6672B7263150098C0BF /* AddData.swift */,
				A14DE6692B7264040098C0BF /* ShowData.swift */,
				A18AEE1F2B729DB500B7B632 /* AboutRestaurant.swift */,
				A16BBA0E2B73A8D3005A4F95 /* FirstScreen.swift */,
				A18F2ED62B73BD6C0008999F /* HomeView.swift */,
				A18F2ED82B73BDD40008999F /* locationManager.swift */,
				A18F2EE62B73C0080008999F /* login_page.swift */,
				A18F2EF22B73C0F30008999F /* signup_page.swift */,
				A18F2EF42B73C1150008999F /* AboutView.swift */,
				A18F2EF62B73C13B0008999F /* MapView.swift */,
				A18F2EF82B73C1520008999F /* ReviewSubView.swift */,
				A18F2EFA2B73C17C0008999F /* ReviewView.swift */,
				A18F2EFC2B73C1B00008999F /* RestaurantRecommendation.swift */,
			);
			path = MyImages;
			sourceTree = "<group>";
		};
		A1380D842B71088F0069B6A5 /* Preview Content */ = {
			isa = PBXGroup;
			children = (
				A1380D852B71088F0069B6A5 /* Preview Assets.xcassets */,
			);
			path = "Preview Content";
			sourceTree = "<group>";
		};
		A1380D8C2B7108B20069B6A5 /* CoreData */ = {
			isa = PBXGroup;
			children = (
				3F3872A62B7748E0002F75C1 /* MyImagesDataModel.xcdatamodeld */,
				A1935DE72B71096400554D53 /* MyImagesContainer.swift */,
				A1935DE92B710A1400554D53 /* MyImage+Extension.swift */,
				3F3872A92B7748FC002F75C1 /* MyReviewsDataModel.xcdatamodeld */,
				3F3872A42B77472C002F75C1 /* MyReviewsContainer.swift */,
				3F3872A22B774622002F75C1 /* MyReviews+Extention.swift */,
			);
			path = CoreData;
			sourceTree = "<group>";
		};
		A18F2F0C2B73C29F0008999F /* Itinerary */ = {
			isa = PBXGroup;
			children = (
				A18F2F0D2B73C2B60008999F /* ItineraryView.swift */,
				A18F2F0F2B73C2D50008999F /* ItineraryView2.swift */,
				A18F2F112B73C2F40008999F /* PlannedTrips.swift */,
			);
			path = Itinerary;
			sourceTree = "<group>";
		};
		A18F2F132B73C33F0008999F /* Profile */ = {
			isa = PBXGroup;
			children = (
				A18F2F142B73C3480008999F /* AddFoodie.swift */,
				A18F2F162B73C36C0008999F /* AddRestaurant.swift */,
				A18F2F182B73C38B0008999F /* EditProfile.swift */,
				A18F2F1A2B73C3A50008999F /* MyFriends.swift */,
				A18F2F1C2B73C3BC0008999F /* MyReviews.swift */,
				A18F2F1E2B73C3CF0008999F /* PlacesVisited.swift */,
				A18F2F202B73C3E20008999F /* ProfileView.swift */,
			);
			path = Profile;
			sourceTree = "<group>";
		};
		A18F2F222B73C4200008999F /* Model */ = {
			isa = PBXGroup;
			children = (
				A18F2F232B73C42D0008999F /* IntroductionData.swift */,
				A18F2F272B73C4570008999F /* RestaurantData.swift */,
				A18F2F292B73C4800008999F /* localDelicaciesData.swift */,
				A18F2F2B2B73C4950008999F /* upcomingTripsData.swift */,
			);
			path = Model;
			sourceTree = "<group>";
		};
		A18F2F2D2B73C4C70008999F /* viewAll */ = {
			isa = PBXGroup;
			children = (
				A18F2F2F2B73C4DE0008999F /* localfoodPlaces.swift */,
				A18F2F312B73C4F30008999F /* upcomingTrips.swift */,
			);
			path = viewAll;
			sourceTree = "<group>";
		};
		A1935DED2B71102A00554D53 /* Form */ = {
			isa = PBXGroup;
			children = (
				A1935DEE2B71103E00554D53 /* FormViewModel.swift */,
				A1935DF02B71120C00554D53 /* ImageFormView.swift */,
				A1935DF22B7116BC00554D53 /* FormType.swift */,
			);
			path = Form;
			sourceTree = "<group>";
		};
/* End PBXGroup section */

/* Begin PBXNativeTarget section */
		A1380D7A2B71088E0069B6A5 /* MyImages */ = {
			isa = PBXNativeTarget;
			buildConfigurationList = A1380D892B71088F0069B6A5 /* Build configuration list for PBXNativeTarget "MyImages" */;
			buildPhases = (
				A1380D772B71088E0069B6A5 /* Sources */,
				A1380D782B71088E0069B6A5 /* Frameworks */,
				A1380D792B71088E0069B6A5 /* Resources */,
			);
			buildRules = (
			);
			dependencies = (
			);
			name = MyImages;
			packageProductDependencies = (
				A103DFC02B7649BB00F2B4C5 /* Auth0 */,
			);
			productName = MyImages;
			productReference = A1380D7B2B71088E0069B6A5 /* MyImages.app */;
			productType = "com.apple.product-type.application";
		};
/* End PBXNativeTarget section */

/* Begin PBXProject section */
		A1380D732B71088E0069B6A5 /* Project object */ = {
			isa = PBXProject;
			attributes = {
				BuildIndependentTargetsInParallel = 1;
				LastSwiftUpdateCheck = 1520;
				LastUpgradeCheck = 1520;
				TargetAttributes = {
					A1380D7A2B71088E0069B6A5 = {
						CreatedOnToolsVersion = 15.2;
					};
				};
			};
			buildConfigurationList = A1380D762B71088E0069B6A5 /* Build configuration list for PBXProject "MyImages" */;
			compatibilityVersion = "Xcode 14.0";
			developmentRegion = en;
			hasScannedForEncodings = 0;
			knownRegions = (
				en,
				Base,
			);
			mainGroup = A1380D722B71088E0069B6A5;
			packageReferences = (
				A103DFBF2B7649BB00F2B4C5 /* XCRemoteSwiftPackageReference "Auth0" */,
			);
			productRefGroup = A1380D7C2B71088E0069B6A5 /* Products */;
			projectDirPath = "";
			projectRoot = "";
			targets = (
				A1380D7A2B71088E0069B6A5 /* MyImages */,
			);
		};
/* End PBXProject section */

/* Begin PBXResourcesBuildPhase section */
		A1380D792B71088E0069B6A5 /* Resources */ = {
			isa = PBXResourcesBuildPhase;
			buildActionMask = 2147483647;
			files = (
				A1380D862B71088F0069B6A5 /* Preview Assets.xcassets in Resources */,
				A103DFC32B764A1500F2B4C5 /* Auth0.plist in Resources */,
				A1380D832B71088F0069B6A5 /* Assets.xcassets in Resources */,
			);
			runOnlyForDeploymentPostprocessing = 0;
		};
/* End PBXResourcesBuildPhase section */

/* Begin PBXSourcesBuildPhase section */
		A1380D772B71088E0069B6A5 /* Sources */ = {
			isa = PBXSourcesBuildPhase;
			buildActionMask = 2147483647;
			files = (
				A18F2F172B73C36C0008999F /* AddRestaurant.swift in Sources */,
				A103DFC62B764B3300F2B4C5 /* Profile.swift in Sources */,
				A18F2F102B73C2D50008999F /* ItineraryView2.swift in Sources */,
				A1935DF12B71120C00554D53 /* ImageFormView.swift in Sources */,
				A18F2EF72B73C13B0008999F /* MapView.swift in Sources */,
				A18F2EF52B73C1150008999F /* AboutView.swift in Sources */,
				A18F2F192B73C38B0008999F /* EditProfile.swift in Sources */,
				A18F2F1B2B73C3A50008999F /* MyFriends.swift in Sources */,
				A18F2F2A2B73C4800008999F /* localDelicaciesData.swift in Sources */,
				3F3872A52B77472C002F75C1 /* MyReviewsContainer.swift in Sources */,
				3F3872AB2B7748FC002F75C1 /* MyReviewsDataModel.xcdatamodeld in Sources */,
				A18F2F0E2B73C2B60008999F /* ItineraryView.swift in Sources */,
				A16BBA0F2B73A8D3005A4F95 /* FirstScreen.swift in Sources */,
				A18F2F152B73C3480008999F /* AddFoodie.swift in Sources */,
				3F3872A82B7748E0002F75C1 /* MyImagesDataModel.xcdatamodeld in Sources */,
				A14DE6682B7263150098C0BF /* AddData.swift in Sources */,
				A18F2ED92B73BDD40008999F /* locationManager.swift in Sources */,
				A18F2EF32B73C0F30008999F /* signup_page.swift in Sources */,
				A18F2F282B73C4570008999F /* RestaurantData.swift in Sources */,
				A1935DF52B71181B00554D53 /* FileManager+Extension.swift in Sources */,
				A18AEE202B729DB500B7B632 /* AboutRestaurant.swift in Sources */,
				A18F2F242B73C42D0008999F /* IntroductionData.swift in Sources */,
				3F3872A32B774622002F75C1 /* MyReviews+Extention.swift in Sources */,
				A1935DEA2B710A1400554D53 /* MyImage+Extension.swift in Sources */,
				A18F2F302B73C4DE0008999F /* localfoodPlaces.swift in Sources */,
				A18F2F212B73C3E20008999F /* ProfileView.swift in Sources */,
				A18F2ED72B73BD6C0008999F /* HomeView.swift in Sources */,
				A18F2EF92B73C1520008999F /* ReviewSubView.swift in Sources */,
				A14DE66A2B7264040098C0BF /* ShowData.swift in Sources */,
				A18F2EE72B73C0080008999F /* login_page.swift in Sources */,
				A18F2F1F2B73C3CF0008999F /* PlacesVisited.swift in Sources */,
				A1380D812B71088E0069B6A5 /* ContentView.swift in Sources */,
				A1935DE82B71096400554D53 /* MyImagesContainer.swift in Sources */,
				A1935DF32B7116BC00554D53 /* FormType.swift in Sources */,
				A18F2F122B73C2F40008999F /* PlannedTrips.swift in Sources */,
				A1935DEC2B710BF500554D53 /* ImagePicker.swift in Sources */,
				A1935DEF2B71103E00554D53 /* FormViewModel.swift in Sources */,
				A18F2F1D2B73C3BC0008999F /* MyReviews.swift in Sources */,
				A18F2EFB2B73C17C0008999F /* ReviewView.swift in Sources */,
				A18F2EFD2B73C1B00008999F /* RestaurantRecommendation.swift in Sources */,
				A18F2F2C2B73C4950008999F /* upcomingTripsData.swift in Sources */,
				A18F2F322B73C4F30008999F /* upcomingTrips.swift in Sources */,
				A1380D7F2B71088E0069B6A5 /* MyImagesApp.swift in Sources */,
			);
			runOnlyForDeploymentPostprocessing = 0;
		};
/* End PBXSourcesBuildPhase section */

/* Begin XCBuildConfiguration section */
		A1380D872B71088F0069B6A5 /* Debug */ = {
			isa = XCBuildConfiguration;
			buildSettings = {
				ALWAYS_SEARCH_USER_PATHS = NO;
				ASSETCATALOG_COMPILER_GENERATE_SWIFT_ASSET_SYMBOL_EXTENSIONS = YES;
				CLANG_ANALYZER_NONNULL = YES;
				CLANG_ANALYZER_NUMBER_OBJECT_CONVERSION = YES_AGGRESSIVE;
				CLANG_CXX_LANGUAGE_STANDARD = "gnu++20";
				CLANG_ENABLE_MODULES = YES;
				CLANG_ENABLE_OBJC_ARC = YES;
				CLANG_ENABLE_OBJC_WEAK = YES;
				CLANG_WARN_BLOCK_CAPTURE_AUTORELEASING = YES;
				CLANG_WARN_BOOL_CONVERSION = YES;
				CLANG_WARN_COMMA = YES;
				CLANG_WARN_CONSTANT_CONVERSION = YES;
				CLANG_WARN_DEPRECATED_OBJC_IMPLEMENTATIONS = YES;
				CLANG_WARN_DIRECT_OBJC_ISA_USAGE = YES_ERROR;
				CLANG_WARN_DOCUMENTATION_COMMENTS = YES;
				CLANG_WARN_EMPTY_BODY = YES;
				CLANG_WARN_ENUM_CONVERSION = YES;
				CLANG_WARN_INFINITE_RECURSION = YES;
				CLANG_WARN_INT_CONVERSION = YES;
				CLANG_WARN_NON_LITERAL_NULL_CONVERSION = YES;
				CLANG_WARN_OBJC_IMPLICIT_RETAIN_SELF = YES;
				CLANG_WARN_OBJC_LITERAL_CONVERSION = YES;
				CLANG_WARN_OBJC_ROOT_CLASS = YES_ERROR;
				CLANG_WARN_QUOTED_INCLUDE_IN_FRAMEWORK_HEADER = YES;
				CLANG_WARN_RANGE_LOOP_ANALYSIS = YES;
				CLANG_WARN_STRICT_PROTOTYPES = YES;
				CLANG_WARN_SUSPICIOUS_MOVE = YES;
				CLANG_WARN_UNGUARDED_AVAILABILITY = YES_AGGRESSIVE;
				CLANG_WARN_UNREACHABLE_CODE = YES;
				CLANG_WARN__DUPLICATE_METHOD_MATCH = YES;
				COPY_PHASE_STRIP = NO;
				DEBUG_INFORMATION_FORMAT = dwarf;
				ENABLE_STRICT_OBJC_MSGSEND = YES;
				ENABLE_TESTABILITY = YES;
				ENABLE_USER_SCRIPT_SANDBOXING = YES;
				GCC_C_LANGUAGE_STANDARD = gnu17;
				GCC_DYNAMIC_NO_PIC = NO;
				GCC_NO_COMMON_BLOCKS = YES;
				GCC_OPTIMIZATION_LEVEL = 0;
				GCC_PREPROCESSOR_DEFINITIONS = (
					"DEBUG=1",
					"$(inherited)",
				);
				GCC_WARN_64_TO_32_BIT_CONVERSION = YES;
				GCC_WARN_ABOUT_RETURN_TYPE = YES_ERROR;
				GCC_WARN_UNDECLARED_SELECTOR = YES;
				GCC_WARN_UNINITIALIZED_AUTOS = YES_AGGRESSIVE;
				GCC_WARN_UNUSED_FUNCTION = YES;
				GCC_WARN_UNUSED_VARIABLE = YES;
				IPHONEOS_DEPLOYMENT_TARGET = 17.2;
				LOCALIZATION_PREFERS_STRING_CATALOGS = YES;
				MTL_ENABLE_DEBUG_INFO = INCLUDE_SOURCE;
				MTL_FAST_MATH = YES;
				ONLY_ACTIVE_ARCH = YES;
				SDKROOT = iphoneos;
				SWIFT_ACTIVE_COMPILATION_CONDITIONS = "DEBUG $(inherited)";
				SWIFT_OPTIMIZATION_LEVEL = "-Onone";
			};
			name = Debug;
		};
		A1380D882B71088F0069B6A5 /* Release */ = {
			isa = XCBuildConfiguration;
			buildSettings = {
				ALWAYS_SEARCH_USER_PATHS = NO;
				ASSETCATALOG_COMPILER_GENERATE_SWIFT_ASSET_SYMBOL_EXTENSIONS = YES;
				CLANG_ANALYZER_NONNULL = YES;
				CLANG_ANALYZER_NUMBER_OBJECT_CONVERSION = YES_AGGRESSIVE;
				CLANG_CXX_LANGUAGE_STANDARD = "gnu++20";
				CLANG_ENABLE_MODULES = YES;
				CLANG_ENABLE_OBJC_ARC = YES;
				CLANG_ENABLE_OBJC_WEAK = YES;
				CLANG_WARN_BLOCK_CAPTURE_AUTORELEASING = YES;
				CLANG_WARN_BOOL_CONVERSION = YES;
				CLANG_WARN_COMMA = YES;
				CLANG_WARN_CONSTANT_CONVERSION = YES;
				CLANG_WARN_DEPRECATED_OBJC_IMPLEMENTATIONS = YES;
				CLANG_WARN_DIRECT_OBJC_ISA_USAGE = YES_ERROR;
				CLANG_WARN_DOCUMENTATION_COMMENTS = YES;
				CLANG_WARN_EMPTY_BODY = YES;
				CLANG_WARN_ENUM_CONVERSION = YES;
				CLANG_WARN_INFINITE_RECURSION = YES;
				CLANG_WARN_INT_CONVERSION = YES;
				CLANG_WARN_NON_LITERAL_NULL_CONVERSION = YES;
				CLANG_WARN_OBJC_IMPLICIT_RETAIN_SELF = YES;
				CLANG_WARN_OBJC_LITERAL_CONVERSION = YES;
				CLANG_WARN_OBJC_ROOT_CLASS = YES_ERROR;
				CLANG_WARN_QUOTED_INCLUDE_IN_FRAMEWORK_HEADER = YES;
				CLANG_WARN_RANGE_LOOP_ANALYSIS = YES;
				CLANG_WARN_STRICT_PROTOTYPES = YES;
				CLANG_WARN_SUSPICIOUS_MOVE = YES;
				CLANG_WARN_UNGUARDED_AVAILABILITY = YES_AGGRESSIVE;
				CLANG_WARN_UNREACHABLE_CODE = YES;
				CLANG_WARN__DUPLICATE_METHOD_MATCH = YES;
				COPY_PHASE_STRIP = NO;
				DEBUG_INFORMATION_FORMAT = "dwarf-with-dsym";
				ENABLE_NS_ASSERTIONS = NO;
				ENABLE_STRICT_OBJC_MSGSEND = YES;
				ENABLE_USER_SCRIPT_SANDBOXING = YES;
				GCC_C_LANGUAGE_STANDARD = gnu17;
				GCC_NO_COMMON_BLOCKS = YES;
				GCC_WARN_64_TO_32_BIT_CONVERSION = YES;
				GCC_WARN_ABOUT_RETURN_TYPE = YES_ERROR;
				GCC_WARN_UNDECLARED_SELECTOR = YES;
				GCC_WARN_UNINITIALIZED_AUTOS = YES_AGGRESSIVE;
				GCC_WARN_UNUSED_FUNCTION = YES;
				GCC_WARN_UNUSED_VARIABLE = YES;
				IPHONEOS_DEPLOYMENT_TARGET = 17.2;
				LOCALIZATION_PREFERS_STRING_CATALOGS = YES;
				MTL_ENABLE_DEBUG_INFO = NO;
				MTL_FAST_MATH = YES;
				SDKROOT = iphoneos;
				SWIFT_COMPILATION_MODE = wholemodule;
				VALIDATE_PRODUCT = YES;
			};
			name = Release;
		};
		A1380D8A2B71088F0069B6A5 /* Debug */ = {
			isa = XCBuildConfiguration;
			buildSettings = {
				ASSETCATALOG_COMPILER_APPICON_NAME = AppIcon;
				ASSETCATALOG_COMPILER_GLOBAL_ACCENT_COLOR_NAME = AccentColor;
				CODE_SIGN_STYLE = Automatic;
				CURRENT_PROJECT_VERSION = 1;
				DEVELOPMENT_ASSET_PATHS = "\"MyImages/Preview Content\"";
				ENABLE_PREVIEWS = YES;
				GENERATE_INFOPLIST_FILE = YES;
				INFOPLIST_KEY_UIApplicationSceneManifest_Generation = YES;
				INFOPLIST_KEY_UIApplicationSupportsIndirectInputEvents = YES;
				INFOPLIST_KEY_UILaunchScreen_Generation = YES;
				INFOPLIST_KEY_UISupportedInterfaceOrientations_iPad = "UIInterfaceOrientationPortrait UIInterfaceOrientationPortraitUpsideDown UIInterfaceOrientationLandscapeLeft UIInterfaceOrientationLandscapeRight";
				INFOPLIST_KEY_UISupportedInterfaceOrientations_iPhone = "UIInterfaceOrientationPortrait UIInterfaceOrientationLandscapeLeft UIInterfaceOrientationLandscapeRight";
				LD_RUNPATH_SEARCH_PATHS = (
					"$(inherited)",
					"@executable_path/Frameworks",
				);
				MARKETING_VERSION = 1.0;
				PRODUCT_BUNDLE_IDENTIFIER = myOrganization.MyImages;
				PRODUCT_NAME = "$(TARGET_NAME)";
				SWIFT_EMIT_LOC_STRINGS = YES;
				SWIFT_VERSION = 5.0;
				TARGETED_DEVICE_FAMILY = "1,2";
			};
			name = Debug;
		};
		A1380D8B2B71088F0069B6A5 /* Release */ = {
			isa = XCBuildConfiguration;
			buildSettings = {
				ASSETCATALOG_COMPILER_APPICON_NAME = AppIcon;
				ASSETCATALOG_COMPILER_GLOBAL_ACCENT_COLOR_NAME = AccentColor;
				CODE_SIGN_STYLE = Automatic;
				CURRENT_PROJECT_VERSION = 1;
				DEVELOPMENT_ASSET_PATHS = "\"MyImages/Preview Content\"";
				ENABLE_PREVIEWS = YES;
				GENERATE_INFOPLIST_FILE = YES;
				INFOPLIST_KEY_UIApplicationSceneManifest_Generation = YES;
				INFOPLIST_KEY_UIApplicationSupportsIndirectInputEvents = YES;
				INFOPLIST_KEY_UILaunchScreen_Generation = YES;
				INFOPLIST_KEY_UISupportedInterfaceOrientations_iPad = "UIInterfaceOrientationPortrait UIInterfaceOrientationPortraitUpsideDown UIInterfaceOrientationLandscapeLeft UIInterfaceOrientationLandscapeRight";
				INFOPLIST_KEY_UISupportedInterfaceOrientations_iPhone = "UIInterfaceOrientationPortrait UIInterfaceOrientationLandscapeLeft UIInterfaceOrientationLandscapeRight";
				LD_RUNPATH_SEARCH_PATHS = (
					"$(inherited)",
					"@executable_path/Frameworks",
				);
				MARKETING_VERSION = 1.0;
				PRODUCT_BUNDLE_IDENTIFIER = myOrganization.MyImages;
				PRODUCT_NAME = "$(TARGET_NAME)";
				SWIFT_EMIT_LOC_STRINGS = YES;
				SWIFT_VERSION = 5.0;
				TARGETED_DEVICE_FAMILY = "1,2";
			};
			name = Release;
		};
/* End XCBuildConfiguration section */

/* Begin XCConfigurationList section */
		A1380D762B71088E0069B6A5 /* Build configuration list for PBXProject "MyImages" */ = {
			isa = XCConfigurationList;
			buildConfigurations = (
				A1380D872B71088F0069B6A5 /* Debug */,
				A1380D882B71088F0069B6A5 /* Release */,
			);
			defaultConfigurationIsVisible = 0;
			defaultConfigurationName = Release;
		};
		A1380D892B71088F0069B6A5 /* Build configuration list for PBXNativeTarget "MyImages" */ = {
			isa = XCConfigurationList;
			buildConfigurations = (
				A1380D8A2B71088F0069B6A5 /* Debug */,
				A1380D8B2B71088F0069B6A5 /* Release */,
			);
			defaultConfigurationIsVisible = 0;
			defaultConfigurationName = Release;
		};
/* End XCConfigurationList section */

/* Begin XCRemoteSwiftPackageReference section */
		A103DFBF2B7649BB00F2B4C5 /* XCRemoteSwiftPackageReference "Auth0" */ = {
			isa = XCRemoteSwiftPackageReference;
			repositoryURL = "https://github.com/auth0/Auth0.swift";
			requirement = {
				kind = upToNextMajorVersion;
				minimumVersion = 2.5.0;
			};
		};
/* End XCRemoteSwiftPackageReference section */

/* Begin XCSwiftPackageProductDependency section */
		A103DFC02B7649BB00F2B4C5 /* Auth0 */ = {
			isa = XCSwiftPackageProductDependency;
			package = A103DFBF2B7649BB00F2B4C5 /* XCRemoteSwiftPackageReference "Auth0" */;
			productName = Auth0;
		};
/* End XCSwiftPackageProductDependency section */

/* Begin XCVersionGroup section */
		3F3872A62B7748E0002F75C1 /* MyImagesDataModel.xcdatamodeld */ = {
			isa = XCVersionGroup;
			children = (
				3F3872A72B7748E0002F75C1 /* MyImagesDataModel.xcdatamodel */,
			);
			currentVersion = 3F3872A72B7748E0002F75C1 /* MyImagesDataModel.xcdatamodel */;
			name = MyImagesDataModel.xcdatamodeld;
			path = ../../../../Downloads/MyImagesDataModel.xcdatamodeld;
			sourceTree = "<group>";
			versionGroupType = wrapper.xcdatamodel;
		};
		3F3872A92B7748FC002F75C1 /* MyReviewsDataModel.xcdatamodeld */ = {
			isa = XCVersionGroup;
			children = (
				3F3872AA2B7748FC002F75C1 /* MyReviewsDataModel.xcdatamodel */,
			);
			currentVersion = 3F3872AA2B7748FC002F75C1 /* MyReviewsDataModel.xcdatamodel */;
			path = MyReviewsDataModel.xcdatamodeld;
			sourceTree = "<group>";
			versionGroupType = wrapper.xcdatamodel;
		};
/* End XCVersionGroup section */
	};
	rootObject = A1380D732B71088E0069B6A5 /* Project object */;
}
